
Microsoft Visual Studio Solution File, Format Version 12.00
# Visual Studio Version 17
VisualStudioVersion = 17.12.35527.113 d17.12
MinimumVisualStudioVersion = 10.0.40219.1
Project("{E24C65DC-7377-472B-9ABA-BC803B73C61A}") = "BramhaMediTech_HMS_Updated", ".", "{9779BBF9-7D63-4FD8-9AAC-3489C770A7A9}"
	ProjectSection(WebsiteProperties) = preProject
		TargetFrameworkMoniker = ".NETFramework,Version%3Dv4.0"
		Debug.AspNetCompiler.VirtualPath = "/localhost_64393"
		Debug.AspNetCompiler.PhysicalPath = "..\BramhaMediTech_HMS_Updated\"
		Debug.AspNetCompiler.TargetPath = "PrecompiledWeb\localhost_64393\"
		Debug.AspNetCompiler.Updateable = "true"
		Debug.AspNetCompiler.ForceOverwrite = "true"
		Debug.AspNetCompiler.FixedNames = "false"
		Debug.AspNetCompiler.Debug = "True"
		Release.AspNetCompiler.VirtualPath = "/localhost_64393"
		Release.AspNetCompiler.PhysicalPath = "..\BramhaMediTech_HMS_Updated\"
		Release.AspNetCompiler.TargetPath = "PrecompiledWeb\localhost_64393\"
		Release.AspNetCompiler.Updateable = "true"
		Release.AspNetCompiler.ForceOverwrite = "true"
		Release.AspNetCompiler.FixedNames = "false"
		Release.AspNetCompiler.Debug = "False"
		VWDPort = "64393"
		SlnRelativePath = "..\BramhaMediTech_HMS_Updated\"
	EndProjectSection
EndProject
Global
	GlobalSection(SolutionConfigurationPlatforms) = preSolution
		Debug|Any CPU = Debug|Any CPU
	EndGlobalSection
	GlobalSection(ProjectConfigurationPlatforms) = postSolution
		{9779BBF9-7D63-4FD8-9AAC-3489C770A7A9}.Debug|Any CPU.ActiveCfg = Debug|Any CPU
		{9779BBF9-7D63-4FD8-9AAC-3489C770A7A9}.Debug|Any CPU.Build.0 = Debug|Any CPU
	EndGlobalSection
	GlobalSection(SolutionProperties) = preSolution
		HideSolutionNode = FALSE
	EndGlobalSection
EndGlobal
